// !$*UTF8*$!
{
	archiveVersion = 1;
	classes = {
	};
	objectVersion = 50;
	objects = {

/* Begin PBXBuildFile section */
		B5CEFCC02648A0E7007E4B18 /* GLUT.framework in Frameworks */ = {isa = PBXBuildFile; fileRef = B5CEFCBF2648A0E7007E4B18 /* GLUT.framework */; };
		B5CEFCC22648A0ED007E4B18 /* OpenGL.framework in Frameworks */ = {isa = PBXBuildFile; fileRef = B5CEFCC12648A0ED007E4B18 /* OpenGL.framework */; settings = {ATTRIBUTES = (Required, ); }; };
		B5CEFCC82648A1B8007E4B18 /* supportClass.cpp in Sources */ = {isa = PBXBuildFile; fileRef = B5CEFCC32648A1B8007E4B18 /* supportClass.cpp */; };
		B5CEFCC92648A1B8007E4B18 /* Mesh.cpp in Sources */ = {isa = PBXBuildFile; fileRef = B5CEFCC62648A1B8007E4B18 /* Mesh.cpp */; };
		B5CEFCCA2648A1B8007E4B18 /* Lab3.cpp in Sources */ = {isa = PBXBuildFile; fileRef = B5CEFCC72648A1B8007E4B18 /* Lab3.cpp */; };
/* End PBXBuildFile section */

/* Begin PBXCopyFilesBuildPhase section */
		B5CEFCB22648A0D1007E4B18 /* CopyFiles */ = {
			isa = PBXCopyFilesBuildPhase;
			buildActionMask = 2147483647;
			dstPath = /usr/share/man/man1/;
			dstSubfolderSpec = 0;
			files = (
			);
			runOnlyForDeploymentPostprocessing = 1;
		};
/* End PBXCopyFilesBuildPhase section */

/* Begin PBXFileReference section */
		B525F8A0264957A500343876 /* AGL.framework */ = {isa = PBXFileReference; lastKnownFileType = wrapper.framework; name = AGL.framework; path = System/Library/Frameworks/AGL.framework; sourceTree = SDKROOT; };
		B5CEFCB42648A0D1007E4B18 /* Lab3 */ = {isa = PBXFileReference; explicitFileType = "compiled.mach-o.executable"; includeInIndex = 0; path = Lab3; sourceTree = BUILT_PRODUCTS_DIR; };
		B5CEFCBF2648A0E7007E4B18 /* GLUT.framework */ = {isa = PBXFileReference; lastKnownFileType = wrapper.framework; name = GLUT.framework; path = System/Library/Frameworks/GLUT.framework; sourceTree = SDKROOT; };
		B5CEFCC12648A0ED007E4B18 /* OpenGL.framework */ = {isa = PBXFileReference; lastKnownFileType = wrapper.framework; name = OpenGL.framework; path = System/Library/Frameworks/OpenGL.framework; sourceTree = SDKROOT; };
		B5CEFCC32648A1B8007E4B18 /* supportClass.cpp */ = {isa = PBXFileReference; fileEncoding = 4; lastKnownFileType = sourcecode.cpp.cpp; path = supportClass.cpp; sourceTree = "<group>"; };
		B5CEFCC42648A1B8007E4B18 /* supportClass.h */ = {isa = PBXFileReference; explicitFileType = sourcecode.cpp.h; fileEncoding = 4; path = supportClass.h; sourceTree = "<group>"; };
		B5CEFCC52648A1B8007E4B18 /* Mesh.h */ = {isa = PBXFileReference; explicitFileType = sourcecode.cpp.h; fileEncoding = 4; path = Mesh.h; sourceTree = "<group>"; };
		B5CEFCC62648A1B8007E4B18 /* Mesh.cpp */ = {isa = PBXFileReference; fileEncoding = 4; lastKnownFileType = sourcecode.cpp.cpp; path = Mesh.cpp; sourceTree = "<group>"; };
		B5CEFCC72648A1B8007E4B18 /* Lab3.cpp */ = {isa = PBXFileReference; fileEncoding = 4; lastKnownFileType = sourcecode.cpp.cpp; path = Lab3.cpp; sourceTree = "<group>"; };
/* End PBXFileReference section */

/* Begin PBXFrameworksBuildPhase section */
		B5CEFCB12648A0D1007E4B18 /* Frameworks */ = {
			isa = PBXFrameworksBuildPhase;
			buildActionMask = 2147483647;
			files = (
				B5CEFCC22648A0ED007E4B18 /* OpenGL.framework in Frameworks */,
				B5CEFCC02648A0E7007E4B18 /* GLUT.framework in Frameworks */,
			);
			runOnlyForDeploymentPostprocessing = 0;
		};
/* End PBXFrameworksBuildPhase section */

/* Begin PBXGroup section */
		B5CEFCAB2648A0D1007E4B18 = {
			isa = PBXGroup;
			children = (
				B5CEFCB62648A0D1007E4B18 /* Lab3 */,
				B5CEFCB52648A0D1007E4B18 /* Products */,
				B5CEFCBE2648A0E7007E4B18 /* Frameworks */,
			);
			sourceTree = "<group>";
		};
		B5CEFCB52648A0D1007E4B18 /* Products */ = {
			isa = PBXGroup;
			children = (
				B5CEFCB42648A0D1007E4B18 /* Lab3 */,
			);
			name = Products;
			sourceTree = "<group>";
		};
		B5CEFCB62648A0D1007E4B18 /* Lab3 */ = {
			isa = PBXGroup;
			children = (
				B5CEFCC72648A1B8007E4B18 /* Lab3.cpp */,
				B5CEFCC62648A1B8007E4B18 /* Mesh.cpp */,
				B5CEFCC52648A1B8007E4B18 /* Mesh.h */,
				B5CEFCC32648A1B8007E4B18 /* supportClass.cpp */,
				B5CEFCC42648A1B8007E4B18 /* supportClass.h */,
			);
			path = Lab3;
			sourceTree = "<group>";
		};
		B5CEFCBE2648A0E7007E4B18 /* Frameworks */ = {
			isa = PBXGroup;
			children = (
				B525F8A0264957A500343876 /* AGL.framework */,
				B5CEFCC12648A0ED007E4B18 /* OpenGL.framework */,
				B5CEFCBF2648A0E7007E4B18 /* GLUT.framework */,
			);
			name = Frameworks;
			sourceTree = "<group>";
		};
/* End PBXGroup section */

/* Begin PBXNativeTarget section */
		B5CEFCB32648A0D1007E4B18 /* Lab3 */ = {
			isa = PBXNativeTarget;
			buildConfigurationList = B5CEFCBB2648A0D1007E4B18 /* Build configuration list for PBXNativeTarget "Lab3" */;
			buildPhases = (
				B5CEFCB02648A0D1007E4B18 /* Sources */,
				B5CEFCB12648A0D1007E4B18 /* Frameworks */,
				B5CEFCB22648A0D1007E4B18 /* CopyFiles */,
			);
			buildRules = (
			);
			dependencies = (
			);
			name = Lab3;
			productName = Lab3;
			productReference = B5CEFCB42648A0D1007E4B18 /* Lab3 */;
			productType = "com.apple.product-type.tool";
		};
/* End PBXNativeTarget section */

/* Begin PBXProject section */
		B5CEFCAC2648A0D1007E4B18 /* Project object */ = {
			isa = PBXProject;
			attributes = {
				LastUpgradeCheck = 1250;
				TargetAttributes = {
					B5CEFCB32648A0D1007E4B18 = {
						CreatedOnToolsVersion = 12.5;
					};
				};
			};
			buildConfigurationList = B5CEFCAF2648A0D1007E4B18 /* Build configuration list for PBXProject "Lab3" */;
			compatibilityVersion = "Xcode 9.3";
			developmentRegion = en;
			hasScannedForEncodings = 0;
			knownRegions = (
				en,
				Base,
			);
			mainGroup = B5CEFCAB2648A0D1007E4B18;
			productRefGroup = B5CEFCB52648A0D1007E4B18 /* Products */;
			projectDirPath = "";
			projectRoot = "";
			targets = (
				B5CEFCB32648A0D1007E4B18 /* Lab3 */,
			);
		};
/* End PBXProject section */

/* Begin PBXSourcesBuildPhase section */
		B5CEFCB02648A0D1007E4B18 /* Sources */ = {
			isa = PBXSourcesBuildPhase;
			buildActionMask = 2147483647;
			files = (
				B5CEFCCA2648A1B8007E4B18 /* Lab3.cpp in Sources */,
				B5CEFCC92648A1B8007E4B18 /* Mesh.cpp in Sources */,
				B5CEFCC82648A1B8007E4B18 /* supportClass.cpp in Sources */,
			);
			runOnlyForDeploymentPostprocessing = 0;
		};
/* End PBXSourcesBuildPhase section */

/* Begin XCBuildConfiguration section */
		B5CEFCB92648A0D1007E4B18 /* Debug */ = {
			isa = XCBuildConfiguration;
			buildSettings = {
				ALWAYS_SEARCH_USER_PATHS = NO;
				CLANG_ANALYZER_NONNULL = YES;
				CLANG_ANALYZER_NUMBER_OBJECT_CONVERSION = YES_AGGRESSIVE;
				CLANG_CXX_LANGUAGE_STANDARD = "gnu++14";
				CLANG_CXX_LIBRARY = "libc++";
				CLANG_ENABLE_MODULES = YES;
				CLANG_ENABLE_OBJC_ARC = YES;
				CLANG_ENABLE_OBJC_WEAK = YES;
				CLANG_WARN_BLOCK_CAPTURE_AUTORELEASING = YES;
				CLANG_WARN_BOOL_CONVERSION = YES;
				CLANG_WARN_COMMA = YES;
				CLANG_WARN_CONSTANT_CONVERSION = YES;
				CLANG_WARN_DEPRECATED_OBJC_IMPLEMENTATIONS = YES;
				CLANG_WARN_DIRECT_OBJC_ISA_USAGE = YES_ERROR;
				CLANG_WARN_DOCUMENTATION_COMMENTS = YES;
				CLANG_WARN_EMPTY_BODY = YES;
				CLANG_WARN_ENUM_CONVERSION = YES;
				CLANG_WARN_INFINITE_RECURSION = YES;
				CLANG_WARN_INT_CONVERSION = YES;
				CLANG_WARN_NON_LITERAL_NULL_CONVERSION = YES;
				CLANG_WARN_OBJC_IMPLICIT_RETAIN_SELF = YES;
				CLANG_WARN_OBJC_LITERAL_CONVERSION = YES;
				CLANG_WARN_OBJC_ROOT_CLASS = YES_ERROR;
				CLANG_WARN_QUOTED_INCLUDE_IN_FRAMEWORK_HEADER = YES;
				CLANG_WARN_RANGE_LOOP_ANALYSIS = YES;
				CLANG_WARN_STRICT_PROTOTYPES = YES;
				CLANG_WARN_SUSPICIOUS_MOVE = YES;
				CLANG_WARN_UNGUARDED_AVAILABILITY = YES_AGGRESSIVE;
				CLANG_WARN_UNREACHABLE_CODE = YES;
				CLANG_WARN__DUPLICATE_METHOD_MATCH = YES;
				COPY_PHASE_STRIP = NO;
				DEBUG_INFORMATION_FORMAT = dwarf;
				ENABLE_STRICT_OBJC_MSGSEND = YES;
				ENABLE_TESTABILITY = YES;
				GCC_C_LANGUAGE_STANDARD = gnu11;
				GCC_DYNAMIC_NO_PIC = NO;
				GCC_NO_COMMON_BLOCKS = YES;
				GCC_OPTIMIZATION_LEVEL = 0;
				GCC_PREPROCESSOR_DEFINITIONS = (
					"DEBUG=1",
					"$(inherited)",
				);
				GCC_WARN_64_TO_32_BIT_CONVERSION = YES;
				GCC_WARN_ABOUT_RETURN_TYPE = YES_ERROR;
				GCC_WARN_UNDECLARED_SELECTOR = YES;
				GCC_WARN_UNINITIALIZED_AUTOS = YES_AGGRESSIVE;
				GCC_WARN_UNUSED_FUNCTION = YES;
				GCC_WARN_UNUSED_VARIABLE = YES;
				MACOSX_DEPLOYMENT_TARGET = 11.3;
				MTL_ENABLE_DEBUG_INFO = INCLUDE_SOURCE;
				MTL_FAST_MATH = YES;
				ONLY_ACTIVE_ARCH = YES;
				SDKROOT = macosx;
			};
			name = Debug;
		};
		B5CEFCBA2648A0D1007E4B18 /* Release */ = {
			isa = XCBuildConfiguration;
			buildSettings = {
				ALWAYS_SEARCH_USER_PATHS = NO;
				CLANG_ANALYZER_NONNULL = YES;
				CLANG_ANALYZER_NUMBER_OBJECT_CONVERSION = YES_AGGRESSIVE;
				CLANG_CXX_LANGUAGE_STANDARD = "gnu++14";
				CLANG_CXX_LIBRARY = "libc++";
				CLANG_ENABLE_MODULES = YES;
				CLANG_ENABLE_OBJC_ARC = YES;
				CLANG_ENABLE_OBJC_WEAK = YES;
				CLANG_WARN_BLOCK_CAPTURE_AUTORELEASING = YES;
				CLANG_WARN_BOOL_CONVERSION = YES;
				CLANG_WARN_COMMA = YES;
				CLANG_WARN_CONSTANT_CONVERSION = YES;
				CLANG_WARN_DEPRECATED_OBJC_IMPLEMENTATIONS = YES;
				CLANG_WARN_DIRECT_OBJC_ISA_USAGE = YES_ERROR;
				CLANG_WARN_DOCUMENTATION_COMMENTS = YES;
				CLANG_WARN_EMPTY_BODY = YES;
				CLANG_WARN_ENUM_CONVERSION = YES;
				CLANG_WARN_INFINITE_RECURSION = YES;
				CLANG_WARN_INT_CONVERSION = YES;
				CLANG_WARN_NON_LITERAL_NULL_CONVERSION = YES;
				CLANG_WARN_OBJC_IMPLICIT_RETAIN_SELF = YES;
				CLANG_WARN_OBJC_LITERAL_CONVERSION = YES;
				CLANG_WARN_OBJC_ROOT_CLASS = YES_ERROR;
				CLANG_WARN_QUOTED_INCLUDE_IN_FRAMEWORK_HEADER = YES;
				CLANG_WARN_RANGE_LOOP_ANALYSIS = YES;
				CLANG_WARN_STRICT_PROTOTYPES = YES;
				CLANG_WARN_SUSPICIOUS_MOVE = YES;
				CLANG_WARN_UNGUARDED_AVAILABILITY = YES_AGGRESSIVE;
				CLANG_WARN_UNREACHABLE_CODE = YES;
				CLANG_WARN__DUPLICATE_METHOD_MATCH = YES;
				COPY_PHASE_STRIP = NO;
				DEBUG_INFORMATION_FORMAT = "dwarf-with-dsym";
				ENABLE_NS_ASSERTIONS = NO;
				ENABLE_STRICT_OBJC_MSGSEND = YES;
				GCC_C_LANGUAGE_STANDARD = gnu11;
				GCC_NO_COMMON_BLOCKS = YES;
				GCC_WARN_64_TO_32_BIT_CONVERSION = YES;
				GCC_WARN_ABOUT_RETURN_TYPE = YES_ERROR;
				GCC_WARN_UNDECLARED_SELECTOR = YES;
				GCC_WARN_UNINITIALIZED_AUTOS = YES_AGGRESSIVE;
				GCC_WARN_UNUSED_FUNCTION = YES;
				GCC_WARN_UNUSED_VARIABLE = YES;
				MACOSX_DEPLOYMENT_TARGET = 11.3;
				MTL_ENABLE_DEBUG_INFO = NO;
				MTL_FAST_MATH = YES;
				SDKROOT = macosx;
			};
			name = Release;
		};
		B5CEFCBC2648A0D1007E4B18 /* Debug */ = {
			isa = XCBuildConfiguration;
			buildSettings = {
				CODE_SIGN_STYLE = Automatic;
				PRODUCT_NAME = "$(TARGET_NAME)";
			};
			name = Debug;
		};
		B5CEFCBD2648A0D1007E4B18 /* Release */ = {
			isa = XCBuildConfiguration;
			buildSettings = {
				CODE_SIGN_STYLE = Automatic;
				PRODUCT_NAME = "$(TARGET_NAME)";
			};
			name = Release;
		};
/* End XCBuildConfiguration section */

/* Begin XCConfigurationList section */
		B5CEFCAF2648A0D1007E4B18 /* Build configuration list for PBXProject "Lab3" */ = {
			isa = XCConfigurationList;
			buildConfigurations = (
				B5CEFCB92648A0D1007E4B18 /* Debug */,
				B5CEFCBA2648A0D1007E4B18 /* Release */,
			);
			defaultConfigurationIsVisible = 0;
			defaultConfigurationName = Release;
		};
		B5CEFCBB2648A0D1007E4B18 /* Build configuration list for PBXNativeTarget "Lab3" */ = {
			isa = XCConfigurationList;
			buildConfigurations = (
				B5CEFCBC2648A0D1007E4B18 /* Debug */,
				B5CEFCBD2648A0D1007E4B18 /* Release */,
			);
			defaultConfigurationIsVisible = 0;
			defaultConfigurationName = Release;
		};
/* End XCConfigurationList section */
	};
	rootObject = B5CEFCAC2648A0D1007E4B18 /* Project object */;
}
